// !$*UTF8*$!
{
	archiveVersion = 1;
	classes = {
	};
	objectVersion = 46;
	objects = {

/* Begin PBXBuildFile section */
		352DB83B197A1056001651C6 /* Foundation.framework in Frameworks */ = {isa = PBXBuildFile; fileRef = 352DB83A197A1056001651C6 /* Foundation.framework */; };
		352DB83D197A1056001651C6 /* CoreGraphics.framework in Frameworks */ = {isa = PBXBuildFile; fileRef = 352DB83C197A1056001651C6 /* CoreGraphics.framework */; };
		352DB83F197A1056001651C6 /* UIKit.framework in Frameworks */ = {isa = PBXBuildFile; fileRef = 352DB83E197A1056001651C6 /* UIKit.framework */; };
		352DB845197A1056001651C6 /* InfoPlist.strings in Resources */ = {isa = PBXBuildFile; fileRef = 352DB843197A1056001651C6 /* InfoPlist.strings */; };
		352DB847197A1056001651C6 /* main.m in Sources */ = {isa = PBXBuildFile; fileRef = 352DB846197A1056001651C6 /* main.m */; };
		352DB84B197A1056001651C6 /* AppDelegate.m in Sources */ = {isa = PBXBuildFile; fileRef = 352DB84A197A1056001651C6 /* AppDelegate.m */; };
		352DB84E197A1056001651C6 /* Main_iPhone.storyboard in Resources */ = {isa = PBXBuildFile; fileRef = 352DB84C197A1056001651C6 /* Main_iPhone.storyboard */; };
		352DB851197A1056001651C6 /* Main_iPad.storyboard in Resources */ = {isa = PBXBuildFile; fileRef = 352DB84F197A1056001651C6 /* Main_iPad.storyboard */; };
		352DB854197A1056001651C6 /* ViewController.m in Sources */ = {isa = PBXBuildFile; fileRef = 352DB853197A1056001651C6 /* ViewController.m */; };
		352DB856197A1056001651C6 /* Images.xcassets in Resources */ = {isa = PBXBuildFile; fileRef = 352DB855197A1056001651C6 /* Images.xcassets */; };
		352DB85D197A1056001651C6 /* XCTest.framework in Frameworks */ = {isa = PBXBuildFile; fileRef = 352DB85C197A1056001651C6 /* XCTest.framework */; };
		352DB85E197A1056001651C6 /* Foundation.framework in Frameworks */ = {isa = PBXBuildFile; fileRef = 352DB83A197A1056001651C6 /* Foundation.framework */; };
		352DB85F197A1056001651C6 /* UIKit.framework in Frameworks */ = {isa = PBXBuildFile; fileRef = 352DB83E197A1056001651C6 /* UIKit.framework */; };
		352DB867197A1056001651C6 /* InfoPlist.strings in Resources */ = {isa = PBXBuildFile; fileRef = 352DB865197A1056001651C6 /* InfoPlist.strings */; };
		352DB869197A1056001651C6 /* Tap_App_1Tests.m in Sources */ = {isa = PBXBuildFile; fileRef = 352DB868197A1056001651C6 /* Tap_App_1Tests.m */; };
		35BAECA6197C8F30009DF660 /* GameState.m in Sources */ = {isa = PBXBuildFile; fileRef = 35BAECA5197C8F30009DF660 /* GameState.m */; };
		35BAECA9197CA0DC009DF660 /* TimerController.m in Sources */ = {isa = PBXBuildFile; fileRef = 35BAECA8197CA0DC009DF660 /* TimerController.m */; };
		FA4BBD3E197B216D0066D838 /* TapCounter.m in Sources */ = {isa = PBXBuildFile; fileRef = FA4BBD3D197B216D0066D838 /* TapCounter.m */; };
		FA4BBD42197B28500066D838 /* TapCounterTest.m in Sources */ = {isa = PBXBuildFile; fileRef = FA4BBD41197B28500066D838 /* TapCounterTest.m */; };
/* End PBXBuildFile section */

/* Begin PBXContainerItemProxy section */
		352DB860197A1056001651C6 /* PBXContainerItemProxy */ = {
			isa = PBXContainerItemProxy;
			containerPortal = 352DB82F197A1056001651C6 /* Project object */;
			proxyType = 1;
			remoteGlobalIDString = 352DB836197A1056001651C6;
			remoteInfo = "Tap App 1";
		};
/* End PBXContainerItemProxy section */

/* Begin PBXFileReference section */
		352DB837197A1056001651C6 /* Tap App 1.app */ = {isa = PBXFileReference; explicitFileType = wrapper.application; includeInIndex = 0; path = "Tap App 1.app"; sourceTree = BUILT_PRODUCTS_DIR; };
		352DB83A197A1056001651C6 /* Foundation.framework */ = {isa = PBXFileReference; lastKnownFileType = wrapper.framework; name = Foundation.framework; path = System/Library/Frameworks/Foundation.framework; sourceTree = SDKROOT; };
		352DB83C197A1056001651C6 /* CoreGraphics.framework */ = {isa = PBXFileReference; lastKnownFileType = wrapper.framework; name = CoreGraphics.framework; path = System/Library/Frameworks/CoreGraphics.framework; sourceTree = SDKROOT; };
		352DB83E197A1056001651C6 /* UIKit.framework */ = {isa = PBXFileReference; lastKnownFileType = wrapper.framework; name = UIKit.framework; path = System/Library/Frameworks/UIKit.framework; sourceTree = SDKROOT; };
		352DB842197A1056001651C6 /* Tap App 1-Info.plist */ = {isa = PBXFileReference; lastKnownFileType = text.plist.xml; path = "Tap App 1-Info.plist"; sourceTree = "<group>"; };
		352DB844197A1056001651C6 /* en */ = {isa = PBXFileReference; lastKnownFileType = text.plist.strings; name = en; path = en.lproj/InfoPlist.strings; sourceTree = "<group>"; };
		352DB846197A1056001651C6 /* main.m */ = {isa = PBXFileReference; lastKnownFileType = sourcecode.c.objc; path = main.m; sourceTree = "<group>"; };
		352DB848197A1056001651C6 /* Tap App 1-Prefix.pch */ = {isa = PBXFileReference; lastKnownFileType = sourcecode.c.h; path = "Tap App 1-Prefix.pch"; sourceTree = "<group>"; };
		352DB849197A1056001651C6 /* AppDelegate.h */ = {isa = PBXFileReference; lastKnownFileType = sourcecode.c.h; path = AppDelegate.h; sourceTree = "<group>"; };
		352DB84A197A1056001651C6 /* AppDelegate.m */ = {isa = PBXFileReference; lastKnownFileType = sourcecode.c.objc; path = AppDelegate.m; sourceTree = "<group>"; };
		352DB84D197A1056001651C6 /* Base */ = {isa = PBXFileReference; lastKnownFileType = file.storyboard; name = Base; path = Base.lproj/Main_iPhone.storyboard; sourceTree = "<group>"; };
		352DB850197A1056001651C6 /* Base */ = {isa = PBXFileReference; lastKnownFileType = file.storyboard; name = Base; path = Base.lproj/Main_iPad.storyboard; sourceTree = "<group>"; };
		352DB852197A1056001651C6 /* ViewController.h */ = {isa = PBXFileReference; lastKnownFileType = sourcecode.c.h; path = ViewController.h; sourceTree = "<group>"; };
		352DB853197A1056001651C6 /* ViewController.m */ = {isa = PBXFileReference; lastKnownFileType = sourcecode.c.objc; path = ViewController.m; sourceTree = "<group>"; };
		352DB855197A1056001651C6 /* Images.xcassets */ = {isa = PBXFileReference; lastKnownFileType = folder.assetcatalog; path = Images.xcassets; sourceTree = "<group>"; };
		352DB85B197A1056001651C6 /* Tap App 1Tests.xctest */ = {isa = PBXFileReference; explicitFileType = wrapper.cfbundle; includeInIndex = 0; path = "Tap App 1Tests.xctest"; sourceTree = BUILT_PRODUCTS_DIR; };
		352DB85C197A1056001651C6 /* XCTest.framework */ = {isa = PBXFileReference; lastKnownFileType = wrapper.framework; name = XCTest.framework; path = Library/Frameworks/XCTest.framework; sourceTree = DEVELOPER_DIR; };
		352DB864197A1056001651C6 /* Tap App 1Tests-Info.plist */ = {isa = PBXFileReference; lastKnownFileType = text.plist.xml; path = "Tap App 1Tests-Info.plist"; sourceTree = "<group>"; };
		352DB866197A1056001651C6 /* en */ = {isa = PBXFileReference; lastKnownFileType = text.plist.strings; name = en; path = en.lproj/InfoPlist.strings; sourceTree = "<group>"; };
		352DB868197A1056001651C6 /* Tap_App_1Tests.m */ = {isa = PBXFileReference; lastKnownFileType = sourcecode.c.objc; path = Tap_App_1Tests.m; sourceTree = "<group>"; };
		35BAECA4197C8F30009DF660 /* GameState.h */ = {isa = PBXFileReference; fileEncoding = 4; lastKnownFileType = sourcecode.c.h; path = GameState.h; sourceTree = "<group>"; };
		35BAECA5197C8F30009DF660 /* GameState.m */ = {isa = PBXFileReference; fileEncoding = 4; lastKnownFileType = sourcecode.c.objc; path = GameState.m; sourceTree = "<group>"; };
		35BAECA7197CA0DC009DF660 /* TimerController.h */ = {isa = PBXFileReference; fileEncoding = 4; lastKnownFileType = sourcecode.c.h; path = TimerController.h; sourceTree = "<group>"; };
		35BAECA8197CA0DC009DF660 /* TimerController.m */ = {isa = PBXFileReference; fileEncoding = 4; lastKnownFileType = sourcecode.c.objc; path = TimerController.m; sourceTree = "<group>"; };
		FA4BBD3C197B216D0066D838 /* TapCounter.h */ = {isa = PBXFileReference; fileEncoding = 4; lastKnownFileType = sourcecode.c.h; path = TapCounter.h; sourceTree = "<group>"; };
		FA4BBD3D197B216D0066D838 /* TapCounter.m */ = {isa = PBXFileReference; fileEncoding = 4; lastKnownFileType = sourcecode.c.objc; path = TapCounter.m; sourceTree = "<group>"; };
		FA4BBD41197B28500066D838 /* TapCounterTest.m */ = {isa = PBXFileReference; fileEncoding = 4; lastKnownFileType = sourcecode.c.objc; path = TapCounterTest.m; sourceTree = "<group>"; };
/* End PBXFileReference section */

/* Begin PBXFrameworksBuildPhase section */
		352DB834197A1056001651C6 /* Frameworks */ = {
			isa = PBXFrameworksBuildPhase;
			buildActionMask = 2147483647;
			files = (
				352DB83D197A1056001651C6 /* CoreGraphics.framework in Frameworks */,
				352DB83F197A1056001651C6 /* UIKit.framework in Frameworks */,
				352DB83B197A1056001651C6 /* Foundation.framework in Frameworks */,
			);
			runOnlyForDeploymentPostprocessing = 0;
		};
		352DB858197A1056001651C6 /* Frameworks */ = {
			isa = PBXFrameworksBuildPhase;
			buildActionMask = 2147483647;
			files = (
				352DB85D197A1056001651C6 /* XCTest.framework in Frameworks */,
				352DB85F197A1056001651C6 /* UIKit.framework in Frameworks */,
				352DB85E197A1056001651C6 /* Foundation.framework in Frameworks */,
			);
			runOnlyForDeploymentPostprocessing = 0;
		};
/* End PBXFrameworksBuildPhase section */

/* Begin PBXGroup section */
		352DB82E197A1056001651C6 = {
			isa = PBXGroup;
			children = (
				352DB840197A1056001651C6 /* Tap App 1 */,
				352DB862197A1056001651C6 /* Tap App 1Tests */,
				352DB839197A1056001651C6 /* Frameworks */,
				352DB838197A1056001651C6 /* Products */,
			);
			sourceTree = "<group>";
		};
		352DB838197A1056001651C6 /* Products */ = {
			isa = PBXGroup;
			children = (
				352DB837197A1056001651C6 /* Tap App 1.app */,
				352DB85B197A1056001651C6 /* Tap App 1Tests.xctest */,
			);
			name = Products;
			sourceTree = "<group>";
		};
		352DB839197A1056001651C6 /* Frameworks */ = {
			isa = PBXGroup;
			children = (
				352DB83A197A1056001651C6 /* Foundation.framework */,
				352DB83C197A1056001651C6 /* CoreGraphics.framework */,
				352DB83E197A1056001651C6 /* UIKit.framework */,
				352DB85C197A1056001651C6 /* XCTest.framework */,
			);
			name = Frameworks;
			sourceTree = "<group>";
		};
		352DB840197A1056001651C6 /* Tap App 1 */ = {
			isa = PBXGroup;
			children = (
				352DB849197A1056001651C6 /* AppDelegate.h */,
				352DB84A197A1056001651C6 /* AppDelegate.m */,
				352DB84C197A1056001651C6 /* Main_iPhone.storyboard */,
				352DB84F197A1056001651C6 /* Main_iPad.storyboard */,
				352DB852197A1056001651C6 /* ViewController.h */,
				352DB853197A1056001651C6 /* ViewController.m */,
				35BAECA7197CA0DC009DF660 /* TimerController.h */,
				35BAECA8197CA0DC009DF660 /* TimerController.m */,
				352DB855197A1056001651C6 /* Images.xcassets */,
				352DB841197A1056001651C6 /* Supporting Files */,
				FA4BBD3C197B216D0066D838 /* TapCounter.h */,
				FA4BBD3D197B216D0066D838 /* TapCounter.m */,
				35BAECA4197C8F30009DF660 /* GameState.h */,
				35BAECA5197C8F30009DF660 /* GameState.m */,
			);
			path = "Tap App 1";
			sourceTree = "<group>";
		};
		352DB841197A1056001651C6 /* Supporting Files */ = {
			isa = PBXGroup;
			children = (
				352DB842197A1056001651C6 /* Tap App 1-Info.plist */,
				352DB843197A1056001651C6 /* InfoPlist.strings */,
				352DB846197A1056001651C6 /* main.m */,
				352DB848197A1056001651C6 /* Tap App 1-Prefix.pch */,
			);
			name = "Supporting Files";
			sourceTree = "<group>";
		};
		352DB862197A1056001651C6 /* Tap App 1Tests */ = {
			isa = PBXGroup;
			children = (
				FA4BBD41197B28500066D838 /* TapCounterTest.m */,
				352DB868197A1056001651C6 /* Tap_App_1Tests.m */,
				352DB863197A1056001651C6 /* Supporting Files */,
			);
			path = "Tap App 1Tests";
			sourceTree = "<group>";
		};
		352DB863197A1056001651C6 /* Supporting Files */ = {
			isa = PBXGroup;
			children = (
				352DB864197A1056001651C6 /* Tap App 1Tests-Info.plist */,
				352DB865197A1056001651C6 /* InfoPlist.strings */,
			);
			name = "Supporting Files";
			sourceTree = "<group>";
		};
/* End PBXGroup section */

/* Begin PBXNativeTarget section */
		352DB836197A1056001651C6 /* Tap App 1 */ = {
			isa = PBXNativeTarget;
			buildConfigurationList = 352DB86C197A1056001651C6 /* Build configuration list for PBXNativeTarget "Tap App 1" */;
			buildPhases = (
				352DB833197A1056001651C6 /* Sources */,
				352DB834197A1056001651C6 /* Frameworks */,
				352DB835197A1056001651C6 /* Resources */,
			);
			buildRules = (
			);
			dependencies = (
			);
			name = "Tap App 1";
			productName = "Tap App 1";
			productReference = 352DB837197A1056001651C6 /* Tap App 1.app */;
			productType = "com.apple.product-type.application";
		};
		352DB85A197A1056001651C6 /* Tap App 1Tests */ = {
			isa = PBXNativeTarget;
			buildConfigurationList = 352DB86F197A1056001651C6 /* Build configuration list for PBXNativeTarget "Tap App 1Tests" */;
			buildPhases = (
				352DB857197A1056001651C6 /* Sources */,
				352DB858197A1056001651C6 /* Frameworks */,
				352DB859197A1056001651C6 /* Resources */,
			);
			buildRules = (
			);
			dependencies = (
				352DB861197A1056001651C6 /* PBXTargetDependency */,
			);
			name = "Tap App 1Tests";
			productName = "Tap App 1Tests";
			productReference = 352DB85B197A1056001651C6 /* Tap App 1Tests.xctest */;
			productType = "com.apple.product-type.bundle.unit-test";
		};
/* End PBXNativeTarget section */

/* Begin PBXProject section */
		352DB82F197A1056001651C6 /* Project object */ = {
			isa = PBXProject;
			attributes = {
				LastUpgradeCheck = 0510;
				ORGANIZATIONNAME = "___Social_Party___";
				TargetAttributes = {
					352DB85A197A1056001651C6 = {
						TestTargetID = 352DB836197A1056001651C6;
					};
				};
			};
			buildConfigurationList = 352DB832197A1056001651C6 /* Build configuration list for PBXProject "Tap App 1" */;
			compatibilityVersion = "Xcode 3.2";
			developmentRegion = English;
			hasScannedForEncodings = 0;
			knownRegions = (
				en,
				Base,
			);
			mainGroup = 352DB82E197A1056001651C6;
			productRefGroup = 352DB838197A1056001651C6 /* Products */;
			projectDirPath = "";
			projectRoot = "";
			targets = (
				352DB836197A1056001651C6 /* Tap App 1 */,
				352DB85A197A1056001651C6 /* Tap App 1Tests */,
			);
		};
/* End PBXProject section */

/* Begin PBXResourcesBuildPhase section */
		352DB835197A1056001651C6 /* Resources */ = {
			isa = PBXResourcesBuildPhase;
			buildActionMask = 2147483647;
			files = (
				352DB851197A1056001651C6 /* Main_iPad.storyboard in Resources */,
				352DB856197A1056001651C6 /* Images.xcassets in Resources */,
				352DB84E197A1056001651C6 /* Main_iPhone.storyboard in Resources */,
				352DB845197A1056001651C6 /* InfoPlist.strings in Resources */,
			);
			runOnlyForDeploymentPostprocessing = 0;
		};
		352DB859197A1056001651C6 /* Resources */ = {
			isa = PBXResourcesBuildPhase;
			buildActionMask = 2147483647;
			files = (
				352DB867197A1056001651C6 /* InfoPlist.strings in Resources */,
			);
			runOnlyForDeploymentPostprocessing = 0;
		};
/* End PBXResourcesBuildPhase section */

/* Begin PBXSourcesBuildPhase section */
		352DB833197A1056001651C6 /* Sources */ = {
			isa = PBXSourcesBuildPhase;
			buildActionMask = 2147483647;
			files = (
				FA4BBD3E197B216D0066D838 /* TapCounter.m in Sources */,
				35BAECA9197CA0DC009DF660 /* TimerController.m in Sources */,
				352DB854197A1056001651C6 /* ViewController.m in Sources */,
				352DB84B197A1056001651C6 /* AppDelegate.m in Sources */,
				352DB847197A1056001651C6 /* main.m in Sources */,
				35BAECA6197C8F30009DF660 /* GameState.m in Sources */,
			);
			runOnlyForDeploymentPostprocessing = 0;
		};
		352DB857197A1056001651C6 /* Sources */ = {
			isa = PBXSourcesBuildPhase;
			buildActionMask = 2147483647;
			files = (
				FA4BBD42197B28500066D838 /* TapCounterTest.m in Sources */,
				352DB869197A1056001651C6 /* Tap_App_1Tests.m in Sources */,
			);
			runOnlyForDeploymentPostprocessing = 0;
		};
/* End PBXSourcesBuildPhase section */

/* Begin PBXTargetDependency section */
		352DB861197A1056001651C6 /* PBXTargetDependency */ = {
			isa = PBXTargetDependency;
			target = 352DB836197A1056001651C6 /* Tap App 1 */;
			targetProxy = 352DB860197A1056001651C6 /* PBXContainerItemProxy */;
		};
/* End PBXTargetDependency section */

/* Begin PBXVariantGroup section */
		352DB843197A1056001651C6 /* InfoPlist.strings */ = {
			isa = PBXVariantGroup;
			children = (
				352DB844197A1056001651C6 /* en */,
			);
			name = InfoPlist.strings;
			sourceTree = "<group>";
		};
		352DB84C197A1056001651C6 /* Main_iPhone.storyboard */ = {
			isa = PBXVariantGroup;
			children = (
				352DB84D197A1056001651C6 /* Base */,
			);
			name = Main_iPhone.storyboard;
			sourceTree = "<group>";
		};
		352DB84F197A1056001651C6 /* Main_iPad.storyboard */ = {
			isa = PBXVariantGroup;
			children = (
				352DB850197A1056001651C6 /* Base */,
			);
			name = Main_iPad.storyboard;
			sourceTree = "<group>";
		};
		352DB865197A1056001651C6 /* InfoPlist.strings */ = {
			isa = PBXVariantGroup;
			children = (
				352DB866197A1056001651C6 /* en */,
			);
			name = InfoPlist.strings;
			sourceTree = "<group>";
		};
/* End PBXVariantGroup section */

/* Begin XCBuildConfiguration section */
		352DB86A197A1056001651C6 /* Debug */ = {
			isa = XCBuildConfiguration;
			buildSettings = {
				ALWAYS_SEARCH_USER_PATHS = NO;
				CLANG_CXX_LANGUAGE_STANDARD = "gnu++0x";
				CLANG_CXX_LIBRARY = "libc++";
				CLANG_ENABLE_MODULES = YES;
				CLANG_ENABLE_OBJC_ARC = YES;
				CLANG_WARN_BOOL_CONVERSION = YES;
				CLANG_WARN_CONSTANT_CONVERSION = YES;
				CLANG_WARN_DIRECT_OBJC_ISA_USAGE = YES_ERROR;
				CLANG_WARN_EMPTY_BODY = YES;
				CLANG_WARN_ENUM_CONVERSION = YES;
				CLANG_WARN_INT_CONVERSION = YES;
				CLANG_WARN_OBJC_ROOT_CLASS = YES_ERROR;
				CLANG_WARN__DUPLICATE_METHOD_MATCH = YES;
				"CODE_SIGN_IDENTITY[sdk=iphoneos*]" = "iPhone Developer";
				COPY_PHASE_STRIP = NO;
				GCC_C_LANGUAGE_STANDARD = gnu99;
				GCC_DYNAMIC_NO_PIC = NO;
				GCC_OPTIMIZATION_LEVEL = 0;
				GCC_PREPROCESSOR_DEFINITIONS = (
					"DEBUG=1",
					"$(inherited)",
				);
				GCC_SYMBOLS_PRIVATE_EXTERN = NO;
				GCC_WARN_64_TO_32_BIT_CONVERSION = YES;
				GCC_WARN_ABOUT_RETURN_TYPE = YES_ERROR;
				GCC_WARN_UNDECLARED_SELECTOR = YES;
				GCC_WARN_UNINITIALIZED_AUTOS = YES_AGGRESSIVE;
				GCC_WARN_UNUSED_FUNCTION = YES;
				GCC_WARN_UNUSED_VARIABLE = YES;
				IPHONEOS_DEPLOYMENT_TARGET = 7.1;
				ONLY_ACTIVE_ARCH = YES;
				SDKROOT = iphoneos;
				TARGETED_DEVICE_FAMILY = "1,2";
			};
			name = Debug;
		};
		352DB86B197A1056001651C6 /* Release */ = {
			isa = XCBuildConfiguration;
			buildSettings = {
				ALWAYS_SEARCH_USER_PATHS = NO;
				CLANG_CXX_LANGUAGE_STANDARD = "gnu++0x";
				CLANG_CXX_LIBRARY = "libc++";
				CLANG_ENABLE_MODULES = YES;
				CLANG_ENABLE_OBJC_ARC = YES;
				CLANG_WARN_BOOL_CONVERSION = YES;
				CLANG_WARN_CONSTANT_CONVERSION = YES;
				CLANG_WARN_DIRECT_OBJC_ISA_USAGE = YES_ERROR;
				CLANG_WARN_EMPTY_BODY = YES;
				CLANG_WARN_ENUM_CONVERSION = YES;
				CLANG_WARN_INT_CONVERSION = YES;
				CLANG_WARN_OBJC_ROOT_CLASS = YES_ERROR;
				CLANG_WARN__DUPLICATE_METHOD_MATCH = YES;
				"CODE_SIGN_IDENTITY[sdk=iphoneos*]" = "iPhone Developer";
				COPY_PHASE_STRIP = YES;
				ENABLE_NS_ASSERTIONS = NO;
				GCC_C_LANGUAGE_STANDARD = gnu99;
				GCC_WARN_64_TO_32_BIT_CONVERSION = YES;
				GCC_WARN_ABOUT_RETURN_TYPE = YES_ERROR;
				GCC_WARN_UNDECLARED_SELECTOR = YES;
				GCC_WARN_UNINITIALIZED_AUTOS = YES_AGGRESSIVE;
				GCC_WARN_UNUSED_FUNCTION = YES;
				GCC_WARN_UNUSED_VARIABLE = YES;
				IPHONEOS_DEPLOYMENT_TARGET = 7.1;
				SDKROOT = iphoneos;
				TARGETED_DEVICE_FAMILY = "1,2";
				VALIDATE_PRODUCT = YES;
			};
			name = Release;
		};
		352DB86D197A1056001651C6 /* Debug */ = {
			isa = XCBuildConfiguration;
			buildSettings = {
				ASSETCATALOG_COMPILER_APPICON_NAME = AppIcon;
				ASSETCATALOG_COMPILER_LAUNCHIMAGE_NAME = LaunchImage;
				GCC_PRECOMPILE_PREFIX_HEADER = YES;
				GCC_PREFIX_HEADER = "Tap App 1/Tap App 1-Prefix.pch";
				INFOPLIST_FILE = "Tap App 1/Tap App 1-Info.plist";
				IPHONEOS_DEPLOYMENT_TARGET = 6.0;
				PRODUCT_NAME = "$(TARGET_NAME)";
				TARGETED_DEVICE_FAMILY = 1;
				WRAPPER_EXTENSION = app;
			};
			name = Debug;
		};
		352DB86E197A1056001651C6 /* Release */ = {
			isa = XCBuildConfiguration;
			buildSettings = {
				ASSETCATALOG_COMPILER_APPICON_NAME = AppIcon;
				ASSETCATALOG_COMPILER_LAUNCHIMAGE_NAME = LaunchImage;
				GCC_PRECOMPILE_PREFIX_HEADER = YES;
				GCC_PREFIX_HEADER = "Tap App 1/Tap App 1-Prefix.pch";
				INFOPLIST_FILE = "Tap App 1/Tap App 1-Info.plist";
				IPHONEOS_DEPLOYMENT_TARGET = 6.0;
				PRODUCT_NAME = "$(TARGET_NAME)";
				TARGETED_DEVICE_FAMILY = 1;
				WRAPPER_EXTENSION = app;
			};
			name = Release;
		};
		352DB870197A1056001651C6 /* Debug */ = {
			isa = XCBuildConfiguration;
			buildSettings = {
				BUNDLE_LOADER = "$(BUILT_PRODUCTS_DIR)/Tap App 1.app/Tap App 1";
				FRAMEWORK_SEARCH_PATHS = (
					"$(SDKROOT)/Developer/Library/Frameworks",
					"$(inherited)",
					"$(DEVELOPER_FRAMEWORKS_DIR)",
				);
				GCC_PRECOMPILE_PREFIX_HEADER = YES;
				GCC_PREFIX_HEADER = "Tap App 1/Tap App 1-Prefix.pch";
				GCC_PREPROCESSOR_DEFINITIONS = (
					"DEBUG=1",
					"$(inherited)",
				);
				INFOPLIST_FILE = "Tap App 1Tests/Tap App 1Tests-Info.plist";
				PRODUCT_NAME = "$(TARGET_NAME)";
				TEST_HOST = "$(BUNDLE_LOADER)";
				WRAPPER_EXTENSION = xctest;
			};
			name = Debug;
		};
		352DB871197A1056001651C6 /* Release */ = {
			isa = XCBuildConfiguration;
			buildSettings = {
				BUNDLE_LOADER = "$(BUILT_PRODUCTS_DIR)/Tap App 1.app/Tap App 1";
				FRAMEWORK_SEARCH_PATHS = (
					"$(SDKROOT)/Developer/Library/Frameworks",
					"$(inherited)",
					"$(DEVELOPER_FRAMEWORKS_DIR)",
				);
				GCC_PRECOMPILE_PREFIX_HEADER = YES;
				GCC_PREFIX_HEADER = "Tap App 1/Tap App 1-Prefix.pch";
				INFOPLIST_FILE = "Tap App 1Tests/Tap App 1Tests-Info.plist";
				PRODUCT_NAME = "$(TARGET_NAME)";
				TEST_HOST = "$(BUNDLE_LOADER)";
				WRAPPER_EXTENSION = xctest;
			};
			name = Release;
		};
/* End XCBuildConfiguration section */

/* Begin XCConfigurationList section */
		352DB832197A1056001651C6 /* Build configuration list for PBXProject "Tap App 1" */ = {
			isa = XCConfigurationList;
			buildConfigurations = (
				352DB86A197A1056001651C6 /* Debug */,
				352DB86B197A1056001651C6 /* Release */,
			);
			defaultConfigurationIsVisible = 0;
			defaultConfigurationName = Release;
		};
		352DB86C197A1056001651C6 /* Build configuration list for PBXNativeTarget "Tap App 1" */ = {
			isa = XCConfigurationList;
			buildConfigurations = (
				352DB86D197A1056001651C6 /* Debug */,
				352DB86E197A1056001651C6 /* Release */,
			);
			defaultConfigurationIsVisible = 0;
			defaultConfigurationName = Release;
		};
		352DB86F197A1056001651C6 /* Build configuration list for PBXNativeTarget "Tap App 1Tests" */ = {
			isa = XCConfigurationList;
			buildConfigurations = (
				352DB870197A1056001651C6 /* Debug */,
				352DB871197A1056001651C6 /* Release */,
			);
			defaultConfigurationIsVisible = 0;
			defaultConfigurationName = Release;
		};
/* End XCConfigurationList section */
	};
	rootObject = 352DB82F197A1056001651C6 /* Project object */;
}
